# THIS IS AN AUTOGENERATED FILE. DO NOT EDIT THIS FILE DIRECTLY.
# yarn lockfile v1


emailjs@^4.0.1:
  version "4.0.1"
  resolved "https://registry.yarnpkg.com/emailjs/-/emailjs-4.0.1.tgz#963533d07bf41b90bc5e7651b99464bd01129dfd"
  integrity sha512-rTN/LDvlqwU79E367ovB7FIziImzimhQcZiGmC20VcDPbf0mv3l9c3aavtMcEFaFBsycjGB5aMIhz4ZbKNeLWw==
